{
  "nodes": {
    "flake-utils": {
      "locked": {
        "lastModified": 1601282935,
        "narHash": "sha256-WQAFV6sGGQxrRs3a+/Yj9xUYvhTpukQJIcMbIi7LCJ4=",
        "owner": "numtide",
        "repo": "flake-utils",
        "rev": "588973065fce51f4763287f0fda87a174d78bf48",
        "type": "github"
      },
      "original": {
        "owner": "numtide",
        "repo": "flake-utils",
        "type": "github"
      }
    },
    "nixpkgs": {
      "locked": {
        "lastModified": 1603758576,
        "narHash": "sha256-xKFmWVx+rFInBao3gtmvXcd0LjHD1+0c1Ef5PJDrbuM=",
        "owner": "NixOS",
        "repo": "nixpkgs",
        "rev": "1dc37370c489b610f8b91d7fdd40633163ffbafd",
        "type": "github"
      },
      "original": {
        "owner": "NixOS",
        "ref": "nixos-unstable",
        "repo": "nixpkgs",
        "type": "github"
      }
    },
    "rainbow-vim-src": {
      "flake": false,
      "locked": {
        "lastModified": 1547370678,
        "narHash": "sha256-zha3BNZXJSgEWEyh8fcy1+x3Y+c1DV1eTMa/AQ+sj7M=",
        "owner": "frazrepo",
        "repo": "vim-rainbow",
        "rev": "a6c7fd5a2b0193b5dbd03f62ad820b521dea3290",
        "type": "github"
      },
      "original": {
        "owner": "frazrepo",
        "repo": "vim-rainbow",
        "type": "github"
      }
    },
    "root": {
      "inputs": {
        "flake-utils": "flake-utils",
        "nixpkgs": "nixpkgs",
        "rainbow-vim-src": "rainbow-vim-src",
        "slimv-src": "slimv-src",
        "vim-racket-src": "vim-racket-src"
      }
    },
    "slimv-src": {
      "flake": false,
      "locked": {
        "lastModified": 1600894996,
        "narHash": "sha256-5HCyyBXoA/esoTYlFBX/5vxQ7LK/w+rcXoAc6gQ5WCs=",
        "owner": "kovisoft",
        "repo": "slimv",
        "rev": "6dfc46912655ab629634d021e9c5b0bd27023417",
        "type": "github"
      },
      "original": {
        "owner": "kovisoft",
        "repo": "slimv",
        "type": "github"
      }
    },
    "vim-racket-src": {
      "flake": false,
      "locked": {
        "lastModified": 1595555951,
        "narHash": "sha256-XqbR9qMvvaeZ7LHUemocJQQ/CaJSHxEwh7B7Y1o6KhU=",
        "owner": "wlangstroth",
        "repo": "vim-racket",
        "rev": "bca2643c3d8bd0fcd46ab73bee69023a5da1964b",
        "type": "github"
      },
      "original": {
        "owner": "wlangstroth",
        "repo": "vim-racket",
        "type": "github"
      }
    }
  },
  "root": "root",
  "version": 7
}
